
Microsoft Visual Studio Solution File, Format Version 12.00
# Visual Studio Version 17
VisualStudioVersion = 17.3.32825.248
MinimumVisualStudioVersion = 10.0.40219.1
Project("{FAE04EC0-301F-11D3-BF4B-00C04F79EFBC}") = "Modelo de Orbita da Terra", "Modelo de Orbita da Terra\Modelo de Orbita da Terra.csproj", "{F265F7F4-87E9-4D42-9B09-4F897B4ADA6C}"
EndProject
Global
	GlobalSection(SolutionConfigurationPlatforms) = preSolution
		Debug|Any CPU = Debug|Any CPU
		Release|Any CPU = Release|Any CPU
	EndGlobalSection
	GlobalSection(ProjectConfigurationPlatforms) = postSolution
		{F265F7F4-87E9-4D42-9B09-4F897B4ADA6C}.Debug|Any CPU.ActiveCfg = Debug|Any CPU
		{F265F7F4-87E9-4D42-9B09-4F897B4ADA6C}.Debug|Any CPU.Build.0 = Debug|Any CPU
		{F265F7F4-87E9-4D42-9B09-4F897B4ADA6C}.Release|Any CPU.ActiveCfg = Release|Any CPU
		{F265F7F4-87E9-4D42-9B09-4F897B4ADA6C}.Release|Any CPU.Build.0 = Release|Any CPU
	EndGlobalSection
	GlobalSection(SolutionProperties) = preSolution
		HideSolutionNode = FALSE
	EndGlobalSection
	GlobalSection(ExtensibilityGlobals) = postSolution
		SolutionGuid = {668350A0-56CE-45F9-8340-9BBB6DBF2054}
	EndGlobalSection
EndGlobal
